
Microsoft Visual Studio Solution File, Format Version 12.00
Project("{FAE04EC0-301F-11D3-BF4B-00C04F79EFBC}") = "PromSQLWrapper", "PromSQLWrapper\PromSQLWrapper.csproj", "{4781B19C-4278-49CE-9C7C-008B1C0C1329}"
EndProject
Global
	GlobalSection(SolutionConfigurationPlatforms) = preSolution
		Debug|Any CPU = Debug|Any CPU
		Release|Any CPU = Release|Any CPU
	EndGlobalSection
	GlobalSection(ProjectConfigurationPlatforms) = postSolution
		{4781B19C-4278-49CE-9C7C-008B1C0C1329}.Debug|Any CPU.ActiveCfg = Debug|Any CPU
		{4781B19C-4278-49CE-9C7C-008B1C0C1329}.Debug|Any CPU.Build.0 = Debug|Any CPU
		{4781B19C-4278-49CE-9C7C-008B1C0C1329}.Release|Any CPU.ActiveCfg = Release|Any CPU
		{4781B19C-4278-49CE-9C7C-008B1C0C1329}.Release|Any CPU.Build.0 = Release|Any CPU
	EndGlobalSection
EndGlobal
